
Microsoft Visual Studio Solution File, Format Version 12.00
# Visual Studio 14
VisualStudioVersion = 14.0.24720.0
MinimumVisualStudioVersion = 10.0.40219.1
Project("{FAE04EC0-301F-11D3-BF4B-00C04F79EFBC}") = "SwitchPresidents", "SwitchPresidents\SwitchPresidents.csproj", "{B73F1EBC-316A-49D8-98E6-D6F1566639BF}"
EndProject
Global
	GlobalSection(SolutionConfigurationPlatforms) = preSolution
		Debug|Any CPU = Debug|Any CPU
		Release|Any CPU = Release|Any CPU
	EndGlobalSection
	GlobalSection(ProjectConfigurationPlatforms) = postSolution
		{B73F1EBC-316A-49D8-98E6-D6F1566639BF}.Debug|Any CPU.ActiveCfg = Debug|Any CPU
		{B73F1EBC-316A-49D8-98E6-D6F1566639BF}.Debug|Any CPU.Build.0 = Debug|Any CPU
		{B73F1EBC-316A-49D8-98E6-D6F1566639BF}.Release|Any CPU.ActiveCfg = Release|Any CPU
		{B73F1EBC-316A-49D8-98E6-D6F1566639BF}.Release|Any CPU.Build.0 = Release|Any CPU
	EndGlobalSection
	GlobalSection(SolutionProperties) = preSolution
		HideSolutionNode = FALSE
	EndGlobalSection
EndGlobal
